
Microsoft Visual Studio Solution File, Format Version 12.00
# Visual Studio Version 17
VisualStudioVersion = 17.6.33815.320
MinimumVisualStudioVersion = 10.0.40219.1
Project("{9A19103F-16F7-4668-BE54-9A1E7A4F7556}") = "WebSite", "WebSite\WebSite.csproj", "{B395F5A2-42EA-4485-8B07-0518A47944DA}"
EndProject
Project("{9A19103F-16F7-4668-BE54-9A1E7A4F7556}") = "Domain", "Domain\Domain.csproj", "{CCA5996B-BE09-4EDA-9A9A-74FFA25A7545}"
EndProject
Project("{9A19103F-16F7-4668-BE54-9A1E7A4F7556}") = "Persistence", "Persistence\Persistence.csproj", "{08096A76-024A-40DE-881C-EFD3BD2814E2}"
EndProject
Project("{9A19103F-16F7-4668-BE54-9A1E7A4F7556}") = "Utilities", "Utilities\Utilities.csproj", "{A6007FE4-6106-4C9C-8E0E-DF305C69DA9C}"
EndProject
Project("{9A19103F-16F7-4668-BE54-9A1E7A4F7556}") = "ViewModels", "ViewModels\ViewModels.csproj", "{C5E1E270-4D74-4A7F-ACB3-A1631DC25CC6}"
EndProject
Project("{9A19103F-16F7-4668-BE54-9A1E7A4F7556}") = "Resources", "Resources\Resources.csproj", "{9567CB80-3E2F-48FD-97D3-4F4F84E0060E}"
EndProject
Project("{2150E333-8FDC-42A3-9474-1A3956D46DE8}") = "Core", "Core", "{27025676-F05F-4A90-8289-65F0F40E4F48}"
EndProject
Project("{2150E333-8FDC-42A3-9474-1A3956D46DE8}") = "Presentation", "Presentation", "{6E79EE5E-A8AE-49E5-9BF2-50C9FBD5F5CC}"
EndProject
Project("{2150E333-8FDC-42A3-9474-1A3956D46DE8}") = "Test", "Test", "{7135EF04-EFC1-42C1-85F8-900C180AC71A}"
EndProject
Project("{2150E333-8FDC-42A3-9474-1A3956D46DE8}") = "docs", "docs", "{1D0A2E17-99DE-470D-87A6-4256D1F3C15E}"
EndProject
Project("{9A19103F-16F7-4668-BE54-9A1E7A4F7556}") = "Test", "Test\Test.csproj", "{590E8E62-54DF-45BE-BF73-BFF55034A023}"
EndProject
Project("{2150E333-8FDC-42A3-9474-1A3956D46DE8}") = "Shared", "Shared", "{2DA37BA5-571B-4CA8-B42B-7FB50FEE790D}"
EndProject
Project("{9A19103F-16F7-4668-BE54-9A1E7A4F7556}") = "Constants", "Constants\Constants.csproj", "{79044E0E-AB4E-4B5E-97F7-C3FDE1FC2A3B}"
EndProject
Global
	GlobalSection(SolutionConfigurationPlatforms) = preSolution
		Debug|Any CPU = Debug|Any CPU
		Release|Any CPU = Release|Any CPU
	EndGlobalSection
	GlobalSection(ProjectConfigurationPlatforms) = postSolution
		{B395F5A2-42EA-4485-8B07-0518A47944DA}.Debug|Any CPU.ActiveCfg = Debug|Any CPU
		{B395F5A2-42EA-4485-8B07-0518A47944DA}.Debug|Any CPU.Build.0 = Debug|Any CPU
		{B395F5A2-42EA-4485-8B07-0518A47944DA}.Release|Any CPU.ActiveCfg = Release|Any CPU
		{B395F5A2-42EA-4485-8B07-0518A47944DA}.Release|Any CPU.Build.0 = Release|Any CPU
		{CCA5996B-BE09-4EDA-9A9A-74FFA25A7545}.Debug|Any CPU.ActiveCfg = Debug|Any CPU
		{CCA5996B-BE09-4EDA-9A9A-74FFA25A7545}.Debug|Any CPU.Build.0 = Debug|Any CPU
		{CCA5996B-BE09-4EDA-9A9A-74FFA25A7545}.Release|Any CPU.ActiveCfg = Release|Any CPU
		{CCA5996B-BE09-4EDA-9A9A-74FFA25A7545}.Release|Any CPU.Build.0 = Release|Any CPU
		{08096A76-024A-40DE-881C-EFD3BD2814E2}.Debug|Any CPU.ActiveCfg = Debug|Any CPU
		{08096A76-024A-40DE-881C-EFD3BD2814E2}.Debug|Any CPU.Build.0 = Debug|Any CPU
		{08096A76-024A-40DE-881C-EFD3BD2814E2}.Release|Any CPU.ActiveCfg = Release|Any CPU
		{08096A76-024A-40DE-881C-EFD3BD2814E2}.Release|Any CPU.Build.0 = Release|Any CPU
		{A6007FE4-6106-4C9C-8E0E-DF305C69DA9C}.Debug|Any CPU.ActiveCfg = Debug|Any CPU
		{A6007FE4-6106-4C9C-8E0E-DF305C69DA9C}.Debug|Any CPU.Build.0 = Debug|Any CPU
		{A6007FE4-6106-4C9C-8E0E-DF305C69DA9C}.Release|Any CPU.ActiveCfg = Release|Any CPU
		{A6007FE4-6106-4C9C-8E0E-DF305C69DA9C}.Release|Any CPU.Build.0 = Release|Any CPU
		{C5E1E270-4D74-4A7F-ACB3-A1631DC25CC6}.Debug|Any CPU.ActiveCfg = Debug|Any CPU
		{C5E1E270-4D74-4A7F-ACB3-A1631DC25CC6}.Debug|Any CPU.Build.0 = Debug|Any CPU
		{C5E1E270-4D74-4A7F-ACB3-A1631DC25CC6}.Release|Any CPU.ActiveCfg = Release|Any CPU
		{C5E1E270-4D74-4A7F-ACB3-A1631DC25CC6}.Release|Any CPU.Build.0 = Release|Any CPU
		{9567CB80-3E2F-48FD-97D3-4F4F84E0060E}.Debug|Any CPU.ActiveCfg = Debug|Any CPU
		{9567CB80-3E2F-48FD-97D3-4F4F84E0060E}.Debug|Any CPU.Build.0 = Debug|Any CPU
		{9567CB80-3E2F-48FD-97D3-4F4F84E0060E}.Release|Any CPU.ActiveCfg = Release|Any CPU
		{9567CB80-3E2F-48FD-97D3-4F4F84E0060E}.Release|Any CPU.Build.0 = Release|Any CPU
		{590E8E62-54DF-45BE-BF73-BFF55034A023}.Debug|Any CPU.ActiveCfg = Debug|Any CPU
		{590E8E62-54DF-45BE-BF73-BFF55034A023}.Debug|Any CPU.Build.0 = Debug|Any CPU
		{590E8E62-54DF-45BE-BF73-BFF55034A023}.Release|Any CPU.ActiveCfg = Release|Any CPU
		{590E8E62-54DF-45BE-BF73-BFF55034A023}.Release|Any CPU.Build.0 = Release|Any CPU
		{79044E0E-AB4E-4B5E-97F7-C3FDE1FC2A3B}.Debug|Any CPU.ActiveCfg = Debug|Any CPU
		{79044E0E-AB4E-4B5E-97F7-C3FDE1FC2A3B}.Debug|Any CPU.Build.0 = Debug|Any CPU
		{79044E0E-AB4E-4B5E-97F7-C3FDE1FC2A3B}.Release|Any CPU.ActiveCfg = Release|Any CPU
		{79044E0E-AB4E-4B5E-97F7-C3FDE1FC2A3B}.Release|Any CPU.Build.0 = Release|Any CPU
	EndGlobalSection
	GlobalSection(SolutionProperties) = preSolution
		HideSolutionNode = FALSE
	EndGlobalSection
	GlobalSection(NestedProjects) = preSolution
		{B395F5A2-42EA-4485-8B07-0518A47944DA} = {6E79EE5E-A8AE-49E5-9BF2-50C9FBD5F5CC}
		{CCA5996B-BE09-4EDA-9A9A-74FFA25A7545} = {27025676-F05F-4A90-8289-65F0F40E4F48}
		{08096A76-024A-40DE-881C-EFD3BD2814E2} = {27025676-F05F-4A90-8289-65F0F40E4F48}
		{A6007FE4-6106-4C9C-8E0E-DF305C69DA9C} = {2DA37BA5-571B-4CA8-B42B-7FB50FEE790D}
		{C5E1E270-4D74-4A7F-ACB3-A1631DC25CC6} = {2DA37BA5-571B-4CA8-B42B-7FB50FEE790D}
		{9567CB80-3E2F-48FD-97D3-4F4F84E0060E} = {2DA37BA5-571B-4CA8-B42B-7FB50FEE790D}
		{590E8E62-54DF-45BE-BF73-BFF55034A023} = {7135EF04-EFC1-42C1-85F8-900C180AC71A}
	EndGlobalSection
	GlobalSection(ExtensibilityGlobals) = postSolution
		SolutionGuid = {B7DBEBBD-BDD4-46C9-9F27-BE978125DD6E}
	EndGlobalSection
EndGlobal
